
Microsoft Visual Studio Solution File, Format Version 12.00
# Visual Studio Version 17
VisualStudioVersion = 17.14.36301.6
MinimumVisualStudioVersion = 10.0.40219.1
Project("{8BC9CEB8-8B4A-11D0-8D11-00A0C91BC942}") = "Program", "Program.vcxproj", "{055C66D8-FCE9-4EE1-AF96-2100C67626D3}"
EndProject
Project("{8BC9CEB8-8B4A-11D0-8D11-00A0C91BC942}") = "Class1th (Stream)", "..\Class1th (Stream)\Class1th (Stream).vcxproj", "{DD7CD8CA-94C5-410E-ACD8-A2E49F1B485C}"
EndProject
Project("{8BC9CEB8-8B4A-11D0-8D11-00A0C91BC942}") = "Class2th (Class)", "..\Class2th (Class)\Class2th (Class).vcxproj", "{5EAB2961-4267-4494-8296-6CACD7607DEA}"
EndProject
Project("{8BC9CEB8-8B4A-11D0-8D11-00A0C91BC942}") = "Class3th (Constructor & Destructor)", "..\Class3th (Constructor & Destructor)\Class3th (Constructor & Destructor).vcxproj", "{4380831B-BC37-45A6-886F-D69B9FB7FB27}"
EndProject
Project("{8BC9CEB8-8B4A-11D0-8D11-00A0C91BC942}") = "Class4th (Inheritance)", "..\Class4th (Inheritance)\Class4th (Inheritance).vcxproj", "{E83CE48B-BAAC-4F65-8DD0-23D9B1FB75BC}"
EndProject
Global
	GlobalSection(SolutionConfigurationPlatforms) = preSolution
		Debug|x64 = Debug|x64
		Debug|x86 = Debug|x86
		Release|x64 = Release|x64
		Release|x86 = Release|x86
	EndGlobalSection
	GlobalSection(ProjectConfigurationPlatforms) = postSolution
		{055C66D8-FCE9-4EE1-AF96-2100C67626D3}.Debug|x64.ActiveCfg = Debug|x64
		{055C66D8-FCE9-4EE1-AF96-2100C67626D3}.Debug|x64.Build.0 = Debug|x64
		{055C66D8-FCE9-4EE1-AF96-2100C67626D3}.Debug|x86.ActiveCfg = Debug|Win32
		{055C66D8-FCE9-4EE1-AF96-2100C67626D3}.Debug|x86.Build.0 = Debug|Win32
		{055C66D8-FCE9-4EE1-AF96-2100C67626D3}.Release|x64.ActiveCfg = Release|x64
		{055C66D8-FCE9-4EE1-AF96-2100C67626D3}.Release|x64.Build.0 = Release|x64
		{055C66D8-FCE9-4EE1-AF96-2100C67626D3}.Release|x86.ActiveCfg = Release|Win32
		{055C66D8-FCE9-4EE1-AF96-2100C67626D3}.Release|x86.Build.0 = Release|Win32
		{DD7CD8CA-94C5-410E-ACD8-A2E49F1B485C}.Debug|x64.ActiveCfg = Debug|x64
		{DD7CD8CA-94C5-410E-ACD8-A2E49F1B485C}.Debug|x64.Build.0 = Debug|x64
		{DD7CD8CA-94C5-410E-ACD8-A2E49F1B485C}.Debug|x86.ActiveCfg = Debug|Win32
		{DD7CD8CA-94C5-410E-ACD8-A2E49F1B485C}.Debug|x86.Build.0 = Debug|Win32
		{DD7CD8CA-94C5-410E-ACD8-A2E49F1B485C}.Release|x64.ActiveCfg = Release|x64
		{DD7CD8CA-94C5-410E-ACD8-A2E49F1B485C}.Release|x64.Build.0 = Release|x64
		{DD7CD8CA-94C5-410E-ACD8-A2E49F1B485C}.Release|x86.ActiveCfg = Release|Win32
		{DD7CD8CA-94C5-410E-ACD8-A2E49F1B485C}.Release|x86.Build.0 = Release|Win32
		{5EAB2961-4267-4494-8296-6CACD7607DEA}.Debug|x64.ActiveCfg = Debug|x64
		{5EAB2961-4267-4494-8296-6CACD7607DEA}.Debug|x64.Build.0 = Debug|x64
		{5EAB2961-4267-4494-8296-6CACD7607DEA}.Debug|x86.ActiveCfg = Debug|Win32
		{5EAB2961-4267-4494-8296-6CACD7607DEA}.Debug|x86.Build.0 = Debug|Win32
		{5EAB2961-4267-4494-8296-6CACD7607DEA}.Release|x64.ActiveCfg = Release|x64
		{5EAB2961-4267-4494-8296-6CACD7607DEA}.Release|x64.Build.0 = Release|x64
		{5EAB2961-4267-4494-8296-6CACD7607DEA}.Release|x86.ActiveCfg = Release|Win32
		{5EAB2961-4267-4494-8296-6CACD7607DEA}.Release|x86.Build.0 = Release|Win32
		{4380831B-BC37-45A6-886F-D69B9FB7FB27}.Debug|x64.ActiveCfg = Debug|x64
		{4380831B-BC37-45A6-886F-D69B9FB7FB27}.Debug|x64.Build.0 = Debug|x64
		{4380831B-BC37-45A6-886F-D69B9FB7FB27}.Debug|x86.ActiveCfg = Debug|Win32
		{4380831B-BC37-45A6-886F-D69B9FB7FB27}.Debug|x86.Build.0 = Debug|Win32
		{4380831B-BC37-45A6-886F-D69B9FB7FB27}.Release|x64.ActiveCfg = Release|x64
		{4380831B-BC37-45A6-886F-D69B9FB7FB27}.Release|x64.Build.0 = Release|x64
		{4380831B-BC37-45A6-886F-D69B9FB7FB27}.Release|x86.ActiveCfg = Release|Win32
		{4380831B-BC37-45A6-886F-D69B9FB7FB27}.Release|x86.Build.0 = Release|Win32
		{E83CE48B-BAAC-4F65-8DD0-23D9B1FB75BC}.Debug|x64.ActiveCfg = Debug|x64
		{E83CE48B-BAAC-4F65-8DD0-23D9B1FB75BC}.Debug|x64.Build.0 = Debug|x64
		{E83CE48B-BAAC-4F65-8DD0-23D9B1FB75BC}.Debug|x86.ActiveCfg = Debug|Win32
		{E83CE48B-BAAC-4F65-8DD0-23D9B1FB75BC}.Debug|x86.Build.0 = Debug|Win32
		{E83CE48B-BAAC-4F65-8DD0-23D9B1FB75BC}.Release|x64.ActiveCfg = Release|x64
		{E83CE48B-BAAC-4F65-8DD0-23D9B1FB75BC}.Release|x64.Build.0 = Release|x64
		{E83CE48B-BAAC-4F65-8DD0-23D9B1FB75BC}.Release|x86.ActiveCfg = Release|Win32
		{E83CE48B-BAAC-4F65-8DD0-23D9B1FB75BC}.Release|x86.Build.0 = Release|Win32
	EndGlobalSection
	GlobalSection(SolutionProperties) = preSolution
		HideSolutionNode = FALSE
	EndGlobalSection
	GlobalSection(ExtensibilityGlobals) = postSolution
		SolutionGuid = {405DAE6D-C9E2-4ECC-9545-E16E8662BF93}
	EndGlobalSection
EndGlobal
